// !$*UTF8*$!
{
	archiveVersion = 1;
	classes = {
	};
	objectVersion = 46;
	objects = {

/* Begin PBXBuildFile section */
		3DCC482A1AE1EE9F006408F8 /* AppDelegate.swift in Sources */ = {isa = PBXBuildFile; fileRef = 3DCC48291AE1EE9F006408F8 /* AppDelegate.swift */; };
		3DCC482C1AE1EE9F006408F8 /* ViewController.swift in Sources */ = {isa = PBXBuildFile; fileRef = 3DCC482B1AE1EE9F006408F8 /* ViewController.swift */; };
		3DCC482F1AE1EE9F006408F8 /* Main.storyboard in Resources */ = {isa = PBXBuildFile; fileRef = 3DCC482D1AE1EE9F006408F8 /* Main.storyboard */; };
		3DCC48311AE1EE9F006408F8 /* Images.xcassets in Resources */ = {isa = PBXBuildFile; fileRef = 3DCC48301AE1EE9F006408F8 /* Images.xcassets */; };
		3DCC48341AE1EE9F006408F8 /* LaunchScreen.xib in Resources */ = {isa = PBXBuildFile; fileRef = 3DCC48321AE1EE9F006408F8 /* LaunchScreen.xib */; };
		3DCC48401AE1EE9F006408F8 /* FantasyNamesTests.swift in Sources */ = {isa = PBXBuildFile; fileRef = 3DCC483F1AE1EE9F006408F8 /* FantasyNamesTests.swift */; };
		3DCC484A1AE1EF26006408F8 /* TableViewController.swift in Sources */ = {isa = PBXBuildFile; fileRef = 3DCC48491AE1EF26006408F8 /* TableViewController.swift */; };
		3DCC484C1AE1EFFD006408F8 /* place.png in Resources */ = {isa = PBXBuildFile; fileRef = 3DCC484B1AE1EFFD006408F8 /* place.png */; };
/* End PBXBuildFile section */

/* Begin PBXContainerItemProxy section */
		3DCC483A1AE1EE9F006408F8 /* PBXContainerItemProxy */ = {
			isa = PBXContainerItemProxy;
			containerPortal = 3DCC481C1AE1EE9F006408F8 /* Project object */;
			proxyType = 1;
			remoteGlobalIDString = 3DCC48231AE1EE9F006408F8;
			remoteInfo = FantasyNames;
		};
/* End PBXContainerItemProxy section */

/* Begin PBXFileReference section */
		3DCC48241AE1EE9F006408F8 /* FantasyNames.app */ = {isa = PBXFileReference; explicitFileType = wrapper.application; includeInIndex = 0; path = FantasyNames.app; sourceTree = BUILT_PRODUCTS_DIR; };
		3DCC48281AE1EE9F006408F8 /* Info.plist */ = {isa = PBXFileReference; lastKnownFileType = text.plist.xml; path = Info.plist; sourceTree = "<group>"; };
		3DCC48291AE1EE9F006408F8 /* AppDelegate.swift */ = {isa = PBXFileReference; lastKnownFileType = sourcecode.swift; path = AppDelegate.swift; sourceTree = "<group>"; };
		3DCC482B1AE1EE9F006408F8 /* ViewController.swift */ = {isa = PBXFileReference; lastKnownFileType = sourcecode.swift; path = ViewController.swift; sourceTree = "<group>"; };
		3DCC482E1AE1EE9F006408F8 /* Base */ = {isa = PBXFileReference; lastKnownFileType = file.storyboard; name = Base; path = Base.lproj/Main.storyboard; sourceTree = "<group>"; };
		3DCC48301AE1EE9F006408F8 /* Images.xcassets */ = {isa = PBXFileReference; lastKnownFileType = folder.assetcatalog; path = Images.xcassets; sourceTree = "<group>"; };
		3DCC48331AE1EE9F006408F8 /* Base */ = {isa = PBXFileReference; lastKnownFileType = file.xib; name = Base; path = Base.lproj/LaunchScreen.xib; sourceTree = "<group>"; };
		3DCC48391AE1EE9F006408F8 /* FantasyNamesTests.xctest */ = {isa = PBXFileReference; explicitFileType = wrapper.cfbundle; includeInIndex = 0; path = FantasyNamesTests.xctest; sourceTree = BUILT_PRODUCTS_DIR; };
		3DCC483E1AE1EE9F006408F8 /* Info.plist */ = {isa = PBXFileReference; lastKnownFileType = text.plist.xml; path = Info.plist; sourceTree = "<group>"; };
		3DCC483F1AE1EE9F006408F8 /* FantasyNamesTests.swift */ = {isa = PBXFileReference; lastKnownFileType = sourcecode.swift; path = FantasyNamesTests.swift; sourceTree = "<group>"; };
		3DCC48491AE1EF26006408F8 /* TableViewController.swift */ = {isa = PBXFileReference; fileEncoding = 4; lastKnownFileType = sourcecode.swift; path = TableViewController.swift; sourceTree = "<group>"; };
		3DCC484B1AE1EFFD006408F8 /* place.png */ = {isa = PBXFileReference; lastKnownFileType = image.png; path = place.png; sourceTree = "<group>"; };
/* End PBXFileReference section */

/* Begin PBXFrameworksBuildPhase section */
		3DCC48211AE1EE9F006408F8 /* Frameworks */ = {
			isa = PBXFrameworksBuildPhase;
			buildActionMask = 2147483647;
			files = (
			);
			runOnlyForDeploymentPostprocessing = 0;
		};
		3DCC48361AE1EE9F006408F8 /* Frameworks */ = {
			isa = PBXFrameworksBuildPhase;
			buildActionMask = 2147483647;
			files = (
			);
			runOnlyForDeploymentPostprocessing = 0;
		};
/* End PBXFrameworksBuildPhase section */

/* Begin PBXGroup section */
		3DCC481B1AE1EE9F006408F8 = {
			isa = PBXGroup;
			children = (
				3DCC484B1AE1EFFD006408F8 /* place.png */,
				3DCC48261AE1EE9F006408F8 /* FantasyNames */,
				3DCC483C1AE1EE9F006408F8 /* FantasyNamesTests */,
				3DCC48251AE1EE9F006408F8 /* Products */,
			);
			sourceTree = "<group>";
		};
		3DCC48251AE1EE9F006408F8 /* Products */ = {
			isa = PBXGroup;
			children = (
				3DCC48241AE1EE9F006408F8 /* FantasyNames.app */,
				3DCC48391AE1EE9F006408F8 /* FantasyNamesTests.xctest */,
			);
			name = Products;
			sourceTree = "<group>";
		};
		3DCC48261AE1EE9F006408F8 /* FantasyNames */ = {
			isa = PBXGroup;
			children = (
				3DCC48291AE1EE9F006408F8 /* AppDelegate.swift */,
				3DCC482B1AE1EE9F006408F8 /* ViewController.swift */,
				3DCC48491AE1EF26006408F8 /* TableViewController.swift */,
				3DCC482D1AE1EE9F006408F8 /* Main.storyboard */,
				3DCC48271AE1EE9F006408F8 /* Supporting Files */,
			);
			path = FantasyNames;
			sourceTree = "<group>";
		};
		3DCC48271AE1EE9F006408F8 /* Supporting Files */ = {
			isa = PBXGroup;
			children = (
				3DCC48301AE1EE9F006408F8 /* Images.xcassets */,
				3DCC48321AE1EE9F006408F8 /* LaunchScreen.xib */,
				3DCC48281AE1EE9F006408F8 /* Info.plist */,
			);
			name = "Supporting Files";
			sourceTree = "<group>";
		};
		3DCC483C1AE1EE9F006408F8 /* FantasyNamesTests */ = {
			isa = PBXGroup;
			children = (
				3DCC483F1AE1EE9F006408F8 /* FantasyNamesTests.swift */,
				3DCC483D1AE1EE9F006408F8 /* Supporting Files */,
			);
			path = FantasyNamesTests;
			sourceTree = "<group>";
		};
		3DCC483D1AE1EE9F006408F8 /* Supporting Files */ = {
			isa = PBXGroup;
			children = (
				3DCC483E1AE1EE9F006408F8 /* Info.plist */,
			);
			name = "Supporting Files";
			sourceTree = "<group>";
		};
/* End PBXGroup section */

/* Begin PBXNativeTarget section */
		3DCC48231AE1EE9F006408F8 /* FantasyNames */ = {
			isa = PBXNativeTarget;
			buildConfigurationList = 3DCC48431AE1EE9F006408F8 /* Build configuration list for PBXNativeTarget "FantasyNames" */;
			buildPhases = (
				3DCC48201AE1EE9F006408F8 /* Sources */,
				3DCC48211AE1EE9F006408F8 /* Frameworks */,
				3DCC48221AE1EE9F006408F8 /* Resources */,
			);
			buildRules = (
			);
			dependencies = (
			);
			name = FantasyNames;
			productName = FantasyNames;
			productReference = 3DCC48241AE1EE9F006408F8 /* FantasyNames.app */;
			productType = "com.apple.product-type.application";
		};
		3DCC48381AE1EE9F006408F8 /* FantasyNamesTests */ = {
			isa = PBXNativeTarget;
			buildConfigurationList = 3DCC48461AE1EE9F006408F8 /* Build configuration list for PBXNativeTarget "FantasyNamesTests" */;
			buildPhases = (
				3DCC48351AE1EE9F006408F8 /* Sources */,
				3DCC48361AE1EE9F006408F8 /* Frameworks */,
				3DCC48371AE1EE9F006408F8 /* Resources */,
			);
			buildRules = (
			);
			dependencies = (
				3DCC483B1AE1EE9F006408F8 /* PBXTargetDependency */,
			);
			name = FantasyNamesTests;
			productName = FantasyNamesTests;
			productReference = 3DCC48391AE1EE9F006408F8 /* FantasyNamesTests.xctest */;
			productType = "com.apple.product-type.bundle.unit-test";
		};
/* End PBXNativeTarget section */

/* Begin PBXProject section */
		3DCC481C1AE1EE9F006408F8 /* Project object */ = {
			isa = PBXProject;
			attributes = {
				LastUpgradeCheck = 0630;
				ORGANIZATIONNAME = "William Judd";
				TargetAttributes = {
					3DCC48231AE1EE9F006408F8 = {
						CreatedOnToolsVersion = 6.3;
					};
					3DCC48381AE1EE9F006408F8 = {
						CreatedOnToolsVersion = 6.3;
						TestTargetID = 3DCC48231AE1EE9F006408F8;
					};
				};
			};
			buildConfigurationList = 3DCC481F1AE1EE9F006408F8 /* Build configuration list for PBXProject "FantasyNames" */;
			compatibilityVersion = "Xcode 3.2";
			developmentRegion = English;
			hasScannedForEncodings = 0;
			knownRegions = (
				en,
				Base,
			);
			mainGroup = 3DCC481B1AE1EE9F006408F8;
			productRefGroup = 3DCC48251AE1EE9F006408F8 /* Products */;
			projectDirPath = "";
			projectRoot = "";
			targets = (
				3DCC48231AE1EE9F006408F8 /* FantasyNames */,
				3DCC48381AE1EE9F006408F8 /* FantasyNamesTests */,
			);
		};
/* End PBXProject section */

/* Begin PBXResourcesBuildPhase section */
		3DCC48221AE1EE9F006408F8 /* Resources */ = {
			isa = PBXResourcesBuildPhase;
			buildActionMask = 2147483647;
			files = (
				3DCC484C1AE1EFFD006408F8 /* place.png in Resources */,
				3DCC482F1AE1EE9F006408F8 /* Main.storyboard in Resources */,
				3DCC48341AE1EE9F006408F8 /* LaunchScreen.xib in Resources */,
				3DCC48311AE1EE9F006408F8 /* Images.xcassets in Resources */,
			);
			runOnlyForDeploymentPostprocessing = 0;
		};
		3DCC48371AE1EE9F006408F8 /* Resources */ = {
			isa = PBXResourcesBuildPhase;
			buildActionMask = 2147483647;
			files = (
			);
			runOnlyForDeploymentPostprocessing = 0;
		};
/* End PBXResourcesBuildPhase section */

/* Begin PBXSourcesBuildPhase section */
		3DCC48201AE1EE9F006408F8 /* Sources */ = {
			isa = PBXSourcesBuildPhase;
			buildActionMask = 2147483647;
			files = (
				3DCC482C1AE1EE9F006408F8 /* ViewController.swift in Sources */,
				3DCC484A1AE1EF26006408F8 /* TableViewController.swift in Sources */,
				3DCC482A1AE1EE9F006408F8 /* AppDelegate.swift in Sources */,
			);
			runOnlyForDeploymentPostprocessing = 0;
		};
		3DCC48351AE1EE9F006408F8 /* Sources */ = {
			isa = PBXSourcesBuildPhase;
			buildActionMask = 2147483647;
			files = (
				3DCC48401AE1EE9F006408F8 /* FantasyNamesTests.swift in Sources */,
			);
			runOnlyForDeploymentPostprocessing = 0;
		};
/* End PBXSourcesBuildPhase section */

/* Begin PBXTargetDependency section */
		3DCC483B1AE1EE9F006408F8 /* PBXTargetDependency */ = {
			isa = PBXTargetDependency;
			target = 3DCC48231AE1EE9F006408F8 /* FantasyNames */;
			targetProxy = 3DCC483A1AE1EE9F006408F8 /* PBXContainerItemProxy */;
		};
/* End PBXTargetDependency section */

/* Begin PBXVariantGroup section */
		3DCC482D1AE1EE9F006408F8 /* Main.storyboard */ = {
			isa = PBXVariantGroup;
			children = (
				3DCC482E1AE1EE9F006408F8 /* Base */,
			);
			name = Main.storyboard;
			sourceTree = "<group>";
		};
		3DCC48321AE1EE9F006408F8 /* LaunchScreen.xib */ = {
			isa = PBXVariantGroup;
			children = (
				3DCC48331AE1EE9F006408F8 /* Base */,
			);
			name = LaunchScreen.xib;
			sourceTree = "<group>";
		};
/* End PBXVariantGroup section */

/* Begin XCBuildConfiguration section */
		3DCC48411AE1EE9F006408F8 /* Debug */ = {
			isa = XCBuildConfiguration;
			buildSettings = {
				ALWAYS_SEARCH_USER_PATHS = NO;
				CLANG_CXX_LANGUAGE_STANDARD = "gnu++0x";
				CLANG_CXX_LIBRARY = "libc++";
				CLANG_ENABLE_MODULES = YES;
				CLANG_ENABLE_OBJC_ARC = YES;
				CLANG_WARN_BOOL_CONVERSION = YES;
				CLANG_WARN_CONSTANT_CONVERSION = YES;
				CLANG_WARN_DIRECT_OBJC_ISA_USAGE = YES_ERROR;
				CLANG_WARN_EMPTY_BODY = YES;
				CLANG_WARN_ENUM_CONVERSION = YES;
				CLANG_WARN_INT_CONVERSION = YES;
				CLANG_WARN_OBJC_ROOT_CLASS = YES_ERROR;
				CLANG_WARN_UNREACHABLE_CODE = YES;
				CLANG_WARN__DUPLICATE_METHOD_MATCH = YES;
				"CODE_SIGN_IDENTITY[sdk=iphoneos*]" = "iPhone Developer";
				COPY_PHASE_STRIP = NO;
				DEBUG_INFORMATION_FORMAT = "dwarf-with-dsym";
				ENABLE_STRICT_OBJC_MSGSEND = YES;
				GCC_C_LANGUAGE_STANDARD = gnu99;
				GCC_DYNAMIC_NO_PIC = NO;
				GCC_NO_COMMON_BLOCKS = YES;
				GCC_OPTIMIZATION_LEVEL = 0;
				GCC_PREPROCESSOR_DEFINITIONS = (
					"DEBUG=1",
					"$(inherited)",
				);
				GCC_SYMBOLS_PRIVATE_EXTERN = NO;
				GCC_WARN_64_TO_32_BIT_CONVERSION = YES;
				GCC_WARN_ABOUT_RETURN_TYPE = YES_ERROR;
				GCC_WARN_UNDECLARED_SELECTOR = YES;
				GCC_WARN_UNINITIALIZED_AUTOS = YES_AGGRESSIVE;
				GCC_WARN_UNUSED_FUNCTION = YES;
				GCC_WARN_UNUSED_VARIABLE = YES;
				IPHONEOS_DEPLOYMENT_TARGET = 8.3;
				MTL_ENABLE_DEBUG_INFO = YES;
				ONLY_ACTIVE_ARCH = YES;
				SDKROOT = iphoneos;
				SWIFT_OPTIMIZATION_LEVEL = "-Onone";
			};
			name = Debug;
		};
		3DCC48421AE1EE9F006408F8 /* Release */ = {
			isa = XCBuildConfiguration;
			buildSettings = {
				ALWAYS_SEARCH_USER_PATHS = NO;
				CLANG_CXX_LANGUAGE_STANDARD = "gnu++0x";
				CLANG_CXX_LIBRARY = "libc++";
				CLANG_ENABLE_MODULES = YES;
				CLANG_ENABLE_OBJC_ARC = YES;
				CLANG_WARN_BOOL_CONVERSION = YES;
				CLANG_WARN_CONSTANT_CONVERSION = YES;
				CLANG_WARN_DIRECT_OBJC_ISA_USAGE = YES_ERROR;
				CLANG_WARN_EMPTY_BODY = YES;
				CLANG_WARN_ENUM_CONVERSION = YES;
				CLANG_WARN_INT_CONVERSION = YES;
				CLANG_WARN_OBJC_ROOT_CLASS = YES_ERROR;
				CLANG_WARN_UNREACHABLE_CODE = YES;
				CLANG_WARN__DUPLICATE_METHOD_MATCH = YES;
				"CODE_SIGN_IDENTITY[sdk=iphoneos*]" = "iPhone Developer";
				COPY_PHASE_STRIP = NO;
				DEBUG_INFORMATION_FORMAT = "dwarf-with-dsym";
				ENABLE_NS_ASSERTIONS = NO;
				ENABLE_STRICT_OBJC_MSGSEND = YES;
				GCC_C_LANGUAGE_STANDARD = gnu99;
				GCC_NO_COMMON_BLOCKS = YES;
				GCC_WARN_64_TO_32_BIT_CONVERSION = YES;
				GCC_WARN_ABOUT_RETURN_TYPE = YES_ERROR;
				GCC_WARN_UNDECLARED_SELECTOR = YES;
				GCC_WARN_UNINITIALIZED_AUTOS = YES_AGGRESSIVE;
				GCC_WARN_UNUSED_FUNCTION = YES;
				GCC_WARN_UNUSED_VARIABLE = YES;
				IPHONEOS_DEPLOYMENT_TARGET = 8.3;
				MTL_ENABLE_DEBUG_INFO = NO;
				SDKROOT = iphoneos;
				VALIDATE_PRODUCT = YES;
			};
			name = Release;
		};
		3DCC48441AE1EE9F006408F8 /* Debug */ = {
			isa = XCBuildConfiguration;
			buildSettings = {
				ASSETCATALOG_COMPILER_APPICON_NAME = AppIcon;
				INFOPLIST_FILE = FantasyNames/Info.plist;
				LD_RUNPATH_SEARCH_PATHS = "$(inherited) @executable_path/Frameworks";
				PRODUCT_NAME = "$(TARGET_NAME)";
			};
			name = Debug;
		};
		3DCC48451AE1EE9F006408F8 /* Release */ = {
			isa = XCBuildConfiguration;
			buildSettings = {
				ASSETCATALOG_COMPILER_APPICON_NAME = AppIcon;
				INFOPLIST_FILE = FantasyNames/Info.plist;
				LD_RUNPATH_SEARCH_PATHS = "$(inherited) @executable_path/Frameworks";
				PRODUCT_NAME = "$(TARGET_NAME)";
			};
			name = Release;
		};
		3DCC48471AE1EE9F006408F8 /* Debug */ = {
			isa = XCBuildConfiguration;
			buildSettings = {
				BUNDLE_LOADER = "$(TEST_HOST)";
				FRAMEWORK_SEARCH_PATHS = (
					"$(SDKROOT)/Developer/Library/Frameworks",
					"$(inherited)",
				);
				GCC_PREPROCESSOR_DEFINITIONS = (
					"DEBUG=1",
					"$(inherited)",
				);
				INFOPLIST_FILE = FantasyNamesTests/Info.plist;
				LD_RUNPATH_SEARCH_PATHS = "$(inherited) @executable_path/Frameworks @loader_path/Frameworks";
				PRODUCT_NAME = "$(TARGET_NAME)";
				TEST_HOST = "$(BUILT_PRODUCTS_DIR)/FantasyNames.app/FantasyNames";
			};
			name = Debug;
		};
		3DCC48481AE1EE9F006408F8 /* Release */ = {
			isa = XCBuildConfiguration;
			buildSettings = {
				BUNDLE_LOADER = "$(TEST_HOST)";
				FRAMEWORK_SEARCH_PATHS = (
					"$(SDKROOT)/Developer/Library/Frameworks",
					"$(inherited)",
				);
				INFOPLIST_FILE = FantasyNamesTests/Info.plist;
				LD_RUNPATH_SEARCH_PATHS = "$(inherited) @executable_path/Frameworks @loader_path/Frameworks";
				PRODUCT_NAME = "$(TARGET_NAME)";
				TEST_HOST = "$(BUILT_PRODUCTS_DIR)/FantasyNames.app/FantasyNames";
			};
			name = Release;
		};
/* End XCBuildConfiguration section */

/* Begin XCConfigurationList section */
		3DCC481F1AE1EE9F006408F8 /* Build configuration list for PBXProject "FantasyNames" */ = {
			isa = XCConfigurationList;
			buildConfigurations = (
				3DCC48411AE1EE9F006408F8 /* Debug */,
				3DCC48421AE1EE9F006408F8 /* Release */,
			);
			defaultConfigurationIsVisible = 0;
			defaultConfigurationName = Release;
		};
		3DCC48431AE1EE9F006408F8 /* Build configuration list for PBXNativeTarget "FantasyNames" */ = {
			isa = XCConfigurationList;
			buildConfigurations = (
				3DCC48441AE1EE9F006408F8 /* Debug */,
				3DCC48451AE1EE9F006408F8 /* Release */,
			);
			defaultConfigurationIsVisible = 0;
		};
		3DCC48461AE1EE9F006408F8 /* Build configuration list for PBXNativeTarget "FantasyNamesTests" */ = {
			isa = XCConfigurationList;
			buildConfigurations = (
				3DCC48471AE1EE9F006408F8 /* Debug */,
				3DCC48481AE1EE9F006408F8 /* Release */,
			);
			defaultConfigurationIsVisible = 0;
		};
/* End XCConfigurationList section */
	};
	rootObject = 3DCC481C1AE1EE9F006408F8 /* Project object */;
}
